
Microsoft Visual Studio Solution File, Format Version 12.00
# Visual Studio Version 17
VisualStudioVersion = 17.5.001.0
MinimumVisualStudioVersion = 10.0.40219.1
Project("{9A19103F-16F7-4668-BE54-9A1E7A4F7556}") = "RecipeApi.Test", "RecipeApi.Test.csproj", "{F3C779B6-0062-4C27-B14D-4F3C17523B02}"
EndProject
Global
	GlobalSection(SolutionConfigurationPlatforms) = preSolution
		Debug|Any CPU = Debug|Any CPU
		Release|Any CPU = Release|Any CPU
	EndGlobalSection
	GlobalSection(ProjectConfigurationPlatforms) = postSolution
		{F3C779B6-0062-4C27-B14D-4F3C17523B02}.Debug|Any CPU.ActiveCfg = Debug|Any CPU
		{F3C779B6-0062-4C27-B14D-4F3C17523B02}.Debug|Any CPU.Build.0 = Debug|Any CPU
		{F3C779B6-0062-4C27-B14D-4F3C17523B02}.Release|Any CPU.ActiveCfg = Release|Any CPU
		{F3C779B6-0062-4C27-B14D-4F3C17523B02}.Release|Any CPU.Build.0 = Release|Any CPU
	EndGlobalSection
	GlobalSection(SolutionProperties) = preSolution
		HideSolutionNode = FALSE
	EndGlobalSection
	GlobalSection(ExtensibilityGlobals) = postSolution
		SolutionGuid = {6A6C273A-76FE-42FA-879E-A86245A5EBF7}
	EndGlobalSection
EndGlobal
