
Microsoft Visual Studio Solution File, Format Version 12.00
# Visual Studio Version 17
VisualStudioVersion = 17.5.002.0
MinimumVisualStudioVersion = 10.0.40219.1
Project("{9A19103F-16F7-4668-BE54-9A1E7A4F7556}") = "C-Sharp-Server", "C-Sharp-Server.csproj", "{9929A7D1-A53D-46A8-AF10-45214786780E}"
EndProject
Global
	GlobalSection(SolutionConfigurationPlatforms) = preSolution
		Debug|Any CPU = Debug|Any CPU
		Release|Any CPU = Release|Any CPU
	EndGlobalSection
	GlobalSection(ProjectConfigurationPlatforms) = postSolution
		{9929A7D1-A53D-46A8-AF10-45214786780E}.Debug|Any CPU.ActiveCfg = Debug|Any CPU
		{9929A7D1-A53D-46A8-AF10-45214786780E}.Debug|Any CPU.Build.0 = Debug|Any CPU
		{9929A7D1-A53D-46A8-AF10-45214786780E}.Release|Any CPU.ActiveCfg = Release|Any CPU
		{9929A7D1-A53D-46A8-AF10-45214786780E}.Release|Any CPU.Build.0 = Release|Any CPU
	EndGlobalSection
	GlobalSection(SolutionProperties) = preSolution
		HideSolutionNode = FALSE
	EndGlobalSection
	GlobalSection(ExtensibilityGlobals) = postSolution
		SolutionGuid = {7AAFD342-284D-43AF-A557-152ADE4B10C2}
	EndGlobalSection
EndGlobal
